// !$*UTF8*$!
{
	archiveVersion = 1;
	classes = {
	};
	objectVersion = 46;
	objects = {

/* Begin PBXBuildFile section */
		01116E99164C63E700246548 /* comment-icon.png in Resources */ = {isa = PBXBuildFile; fileRef = 01116E97164C63E700246548 /* comment-icon.png */; };
		01116E9A164C63E700246548 /* poll-icon.png in Resources */ = {isa = PBXBuildFile; fileRef = 01116E98164C63E700246548 /* poll-icon.png */; };
		0197E004161223280061DAB2 /* UIKit.framework in Frameworks */ = {isa = PBXBuildFile; fileRef = 0197E003161223280061DAB2 /* UIKit.framework */; };
		0197E006161223280061DAB2 /* Foundation.framework in Frameworks */ = {isa = PBXBuildFile; fileRef = 0197E005161223280061DAB2 /* Foundation.framework */; };
		0197E008161223280061DAB2 /* CoreGraphics.framework in Frameworks */ = {isa = PBXBuildFile; fileRef = 0197E007161223280061DAB2 /* CoreGraphics.framework */; };
		0197E00E161223280061DAB2 /* InfoPlist.strings in Resources */ = {isa = PBXBuildFile; fileRef = 0197E00C161223280061DAB2 /* InfoPlist.strings */; };
		0197E010161223280061DAB2 /* main.m in Sources */ = {isa = PBXBuildFile; fileRef = 0197E00F161223280061DAB2 /* main.m */; };
		0197E014161223280061DAB2 /* AppDelegate.m in Sources */ = {isa = PBXBuildFile; fileRef = 0197E013161223280061DAB2 /* AppDelegate.m */; };
		0197E017161223280061DAB2 /* MainStoryboard_iPhone.storyboard in Resources */ = {isa = PBXBuildFile; fileRef = 0197E015161223280061DAB2 /* MainStoryboard_iPhone.storyboard */; };
		0197E025161223280061DAB2 /* SenTestingKit.framework in Frameworks */ = {isa = PBXBuildFile; fileRef = 0197E024161223280061DAB2 /* SenTestingKit.framework */; };
		0197E026161223280061DAB2 /* UIKit.framework in Frameworks */ = {isa = PBXBuildFile; fileRef = 0197E003161223280061DAB2 /* UIKit.framework */; };
		0197E027161223280061DAB2 /* Foundation.framework in Frameworks */ = {isa = PBXBuildFile; fileRef = 0197E005161223280061DAB2 /* Foundation.framework */; };
		0197E02F161223280061DAB2 /* InfoPlist.strings in Resources */ = {isa = PBXBuildFile; fileRef = 0197E02D161223280061DAB2 /* InfoPlist.strings */; };
		0197E032161223280061DAB2 /* Project1Tests.m in Sources */ = {isa = PBXBuildFile; fileRef = 0197E031161223280061DAB2 /* Project1Tests.m */; };
		637800631655CBD8009537AC /* DJonesLoginViewController.m in Sources */ = {isa = PBXBuildFile; fileRef = 637800621655CBD8009537AC /* DJonesLoginViewController.m */; };
		D113C63D164995C800F050A3 /* werkRateViewController.m in Sources */ = {isa = PBXBuildFile; fileRef = D113C63C164995C800F050A3 /* werkRateViewController.m */; };
		F116E97D163A116B000AFDE8 /* FelipeDataProvider.m in Sources */ = {isa = PBXBuildFile; fileRef = F116E97C163A116B000AFDE8 /* FelipeDataProvider.m */; };
		F13E3780162E012900DFC68B /* Default-568h@2x.png in Resources */ = {isa = PBXBuildFile; fileRef = F13E377F162E012900DFC68B /* Default-568h@2x.png */; };
		F18F54C1162E1665004DDB63 /* FelipeTuneInViewController.m in Sources */ = {isa = PBXBuildFile; fileRef = F18F54C0162E1665004DDB63 /* FelipeTuneInViewController.m */; };
		F19ED3A41649A9810035277F /* angry1.png in Resources */ = {isa = PBXBuildFile; fileRef = F19ED3941649A9810035277F /* angry1.png */; };
		F19ED3A51649A9810035277F /* angry2.png in Resources */ = {isa = PBXBuildFile; fileRef = F19ED3951649A9810035277F /* angry2.png */; };
		F19ED3A61649A9810035277F /* angry3.png in Resources */ = {isa = PBXBuildFile; fileRef = F19ED3961649A9810035277F /* angry3.png */; };
		F19ED3A71649A9810035277F /* happy1.png in Resources */ = {isa = PBXBuildFile; fileRef = F19ED3981649A9810035277F /* happy1.png */; };
		F19ED3A81649A9810035277F /* happy2.png in Resources */ = {isa = PBXBuildFile; fileRef = F19ED3991649A9810035277F /* happy2.png */; };
		F19ED3A91649A9810035277F /* happy3.png in Resources */ = {isa = PBXBuildFile; fileRef = F19ED39A1649A9810035277F /* happy3.png */; };
		F19ED3AA1649A9810035277F /* neutral.png in Resources */ = {isa = PBXBuildFile; fileRef = F19ED39B1649A9810035277F /* neutral.png */; };
		F19ED3AB1649A9810035277F /* sad1.png in Resources */ = {isa = PBXBuildFile; fileRef = F19ED39D1649A9810035277F /* sad1.png */; };
		F19ED3AC1649A9810035277F /* sad2.png in Resources */ = {isa = PBXBuildFile; fileRef = F19ED39E1649A9810035277F /* sad2.png */; };
		F19ED3AD1649A9810035277F /* sad3.png in Resources */ = {isa = PBXBuildFile; fileRef = F19ED39F1649A9810035277F /* sad3.png */; };
		F19ED3AE1649A9810035277F /* surprise1.png in Resources */ = {isa = PBXBuildFile; fileRef = F19ED3A11649A9810035277F /* surprise1.png */; };
		F19ED3AF1649A9810035277F /* surprise2.png in Resources */ = {isa = PBXBuildFile; fileRef = F19ED3A21649A9810035277F /* surprise2.png */; };
		F19ED3B01649A9810035277F /* surprise3.png in Resources */ = {isa = PBXBuildFile; fileRef = F19ED3A31649A9810035277F /* surprise3.png */; };
		F19ED3B21649B32B0035277F /* TI image.png in Resources */ = {isa = PBXBuildFile; fileRef = F19ED3B11649B32B0035277F /* TI image.png */; };
		F19ED3B41649B3A70035277F /* TI image copy.png in Resources */ = {isa = PBXBuildFile; fileRef = F19ED3B31649B3A70035277F /* TI image copy.png */; };
		F1BBDFF11654D995009F7C21 /* bluebackground.png in Resources */ = {isa = PBXBuildFile; fileRef = F1BBDFEF1654D995009F7C21 /* bluebackground.png */; };
		F1BBDFF21654D995009F7C21 /* rate-icon.png in Resources */ = {isa = PBXBuildFile; fileRef = F1BBDFF01654D995009F7C21 /* rate-icon.png */; };
		F1F4D6281630DC060020A41B /* FelipeChannelViewController.m in Sources */ = {isa = PBXBuildFile; fileRef = F1F4D6271630DC060020A41B /* FelipeChannelViewController.m */; };
		F1F4D62E1630EBAA0020A41B /* FelipeShowViewController.m in Sources */ = {isa = PBXBuildFile; fileRef = F1F4D62D1630EBAA0020A41B /* FelipeShowViewController.m */; };
		F1FB61DE163A418E001157CD /* blue1.jpg in Resources */ = {isa = PBXBuildFile; fileRef = F1FB61D9163A418E001157CD /* blue1.jpg */; };
		F1FB61DF163A418E001157CD /* blue2.jpg in Resources */ = {isa = PBXBuildFile; fileRef = F1FB61DA163A418E001157CD /* blue2.jpg */; };
		F1FB61E0163A418E001157CD /* blue3.jpg in Resources */ = {isa = PBXBuildFile; fileRef = F1FB61DB163A418E001157CD /* blue3.jpg */; };
		F1FB61E1163A418E001157CD /* blue4.jpg in Resources */ = {isa = PBXBuildFile; fileRef = F1FB61DC163A418E001157CD /* blue4.jpg */; };
		F1FB61E2163A418E001157CD /* blue5.jpg in Resources */ = {isa = PBXBuildFile; fileRef = F1FB61DD163A418E001157CD /* blue5.jpg */; };
/* End PBXBuildFile section */

/* Begin PBXContainerItemProxy section */
		0197E028161223280061DAB2 /* PBXContainerItemProxy */ = {
			isa = PBXContainerItemProxy;
			containerPortal = 0197DFF6161223280061DAB2 /* Project object */;
			proxyType = 1;
			remoteGlobalIDString = 0197DFFE161223280061DAB2;
			remoteInfo = Project1;
		};
/* End PBXContainerItemProxy section */

/* Begin PBXFileReference section */
		01116E97164C63E700246548 /* comment-icon.png */ = {isa = PBXFileReference; lastKnownFileType = image.png; path = "comment-icon.png"; sourceTree = SOURCE_ROOT; };
		01116E98164C63E700246548 /* poll-icon.png */ = {isa = PBXFileReference; lastKnownFileType = image.png; path = "poll-icon.png"; sourceTree = SOURCE_ROOT; };
		0197DFFF161223280061DAB2 /* Project1.app */ = {isa = PBXFileReference; explicitFileType = wrapper.application; includeInIndex = 0; path = Project1.app; sourceTree = BUILT_PRODUCTS_DIR; };
		0197E003161223280061DAB2 /* UIKit.framework */ = {isa = PBXFileReference; lastKnownFileType = wrapper.framework; name = UIKit.framework; path = System/Library/Frameworks/UIKit.framework; sourceTree = SDKROOT; };
		0197E005161223280061DAB2 /* Foundation.framework */ = {isa = PBXFileReference; lastKnownFileType = wrapper.framework; name = Foundation.framework; path = System/Library/Frameworks/Foundation.framework; sourceTree = SDKROOT; };
		0197E007161223280061DAB2 /* CoreGraphics.framework */ = {isa = PBXFileReference; lastKnownFileType = wrapper.framework; name = CoreGraphics.framework; path = System/Library/Frameworks/CoreGraphics.framework; sourceTree = SDKROOT; };
		0197E00B161223280061DAB2 /* Project1-Info.plist */ = {isa = PBXFileReference; lastKnownFileType = text.plist.xml; path = "Project1-Info.plist"; sourceTree = "<group>"; };
		0197E00D161223280061DAB2 /* en */ = {isa = PBXFileReference; lastKnownFileType = text.plist.strings; name = en; path = en.lproj/InfoPlist.strings; sourceTree = "<group>"; };
		0197E00F161223280061DAB2 /* main.m */ = {isa = PBXFileReference; lastKnownFileType = sourcecode.c.objc; path = main.m; sourceTree = "<group>"; };
		0197E011161223280061DAB2 /* Project1-Prefix.pch */ = {isa = PBXFileReference; lastKnownFileType = sourcecode.c.h; path = "Project1-Prefix.pch"; sourceTree = "<group>"; };
		0197E012161223280061DAB2 /* AppDelegate.h */ = {isa = PBXFileReference; lastKnownFileType = sourcecode.c.h; path = AppDelegate.h; sourceTree = "<group>"; };
		0197E013161223280061DAB2 /* AppDelegate.m */ = {isa = PBXFileReference; lastKnownFileType = sourcecode.c.objc; path = AppDelegate.m; sourceTree = "<group>"; };
		0197E016161223280061DAB2 /* en */ = {isa = PBXFileReference; lastKnownFileType = file.storyboard; name = en; path = en.lproj/MainStoryboard_iPhone.storyboard; sourceTree = "<group>"; };
		0197E023161223280061DAB2 /* Project1Tests.octest */ = {isa = PBXFileReference; explicitFileType = wrapper.cfbundle; includeInIndex = 0; path = Project1Tests.octest; sourceTree = BUILT_PRODUCTS_DIR; };
		0197E024161223280061DAB2 /* SenTestingKit.framework */ = {isa = PBXFileReference; lastKnownFileType = wrapper.framework; name = SenTestingKit.framework; path = Library/Frameworks/SenTestingKit.framework; sourceTree = DEVELOPER_DIR; };
		0197E02C161223280061DAB2 /* Project1Tests-Info.plist */ = {isa = PBXFileReference; lastKnownFileType = text.plist.xml; path = "Project1Tests-Info.plist"; sourceTree = "<group>"; };
		0197E02E161223280061DAB2 /* en */ = {isa = PBXFileReference; lastKnownFileType = text.plist.strings; name = en; path = en.lproj/InfoPlist.strings; sourceTree = "<group>"; };
		0197E030161223280061DAB2 /* Project1Tests.h */ = {isa = PBXFileReference; lastKnownFileType = sourcecode.c.h; path = Project1Tests.h; sourceTree = "<group>"; };
		0197E031161223280061DAB2 /* Project1Tests.m */ = {isa = PBXFileReference; lastKnownFileType = sourcecode.c.objc; path = Project1Tests.m; sourceTree = "<group>"; };
		637800611655CBD8009537AC /* DJonesLoginViewController.h */ = {isa = PBXFileReference; fileEncoding = 4; lastKnownFileType = sourcecode.c.h; path = DJonesLoginViewController.h; sourceTree = "<group>"; };
		637800621655CBD8009537AC /* DJonesLoginViewController.m */ = {isa = PBXFileReference; fileEncoding = 4; lastKnownFileType = sourcecode.c.objc; path = DJonesLoginViewController.m; sourceTree = "<group>"; };
		D113C63B164995C800F050A3 /* werkRateViewController.h */ = {isa = PBXFileReference; fileEncoding = 4; lastKnownFileType = sourcecode.c.h; path = werkRateViewController.h; sourceTree = "<group>"; };
		D113C63C164995C800F050A3 /* werkRateViewController.m */ = {isa = PBXFileReference; fileEncoding = 4; lastKnownFileType = sourcecode.c.objc; path = werkRateViewController.m; sourceTree = "<group>"; };
		F116E97B163A116B000AFDE8 /* FelipeDataProvider.h */ = {isa = PBXFileReference; fileEncoding = 4; lastKnownFileType = sourcecode.c.h; path = FelipeDataProvider.h; sourceTree = "<group>"; };
		F116E97C163A116B000AFDE8 /* FelipeDataProvider.m */ = {isa = PBXFileReference; fileEncoding = 4; lastKnownFileType = sourcecode.c.objc; path = FelipeDataProvider.m; sourceTree = "<group>"; };
		F13E377F162E012900DFC68B /* Default-568h@2x.png */ = {isa = PBXFileReference; lastKnownFileType = image.png; name = "Default-568h@2x.png"; path = "../Default-568h@2x.png"; sourceTree = "<group>"; };
		F18F54BF162E1665004DDB63 /* FelipeTuneInViewController.h */ = {isa = PBXFileReference; fileEncoding = 4; lastKnownFileType = sourcecode.c.h; path = FelipeTuneInViewController.h; sourceTree = "<group>"; };
		F18F54C0162E1665004DDB63 /* FelipeTuneInViewController.m */ = {isa = PBXFileReference; fileEncoding = 4; lastKnownFileType = sourcecode.c.objc; path = FelipeTuneInViewController.m; sourceTree = "<group>"; };
		F19ED3941649A9810035277F /* angry1.png */ = {isa = PBXFileReference; lastKnownFileType = image.png; path = angry1.png; sourceTree = "<group>"; };
		F19ED3951649A9810035277F /* angry2.png */ = {isa = PBXFileReference; lastKnownFileType = image.png; path = angry2.png; sourceTree = "<group>"; };
		F19ED3961649A9810035277F /* angry3.png */ = {isa = PBXFileReference; lastKnownFileType = image.png; path = angry3.png; sourceTree = "<group>"; };
		F19ED3981649A9810035277F /* happy1.png */ = {isa = PBXFileReference; lastKnownFileType = image.png; name = happy1.png; path = ../happy/happy1.png; sourceTree = "<group>"; };
		F19ED3991649A9810035277F /* happy2.png */ = {isa = PBXFileReference; lastKnownFileType = image.png; name = happy2.png; path = ../happy/happy2.png; sourceTree = "<group>"; };
		F19ED39A1649A9810035277F /* happy3.png */ = {isa = PBXFileReference; lastKnownFileType = image.png; name = happy3.png; path = ../happy/happy3.png; sourceTree = "<group>"; };
		F19ED39B1649A9810035277F /* neutral.png */ = {isa = PBXFileReference; lastKnownFileType = image.png; name = neutral.png; path = ../neutral.png; sourceTree = "<group>"; };
		F19ED39D1649A9810035277F /* sad1.png */ = {isa = PBXFileReference; lastKnownFileType = image.png; name = sad1.png; path = ../sad/sad1.png; sourceTree = "<group>"; };
		F19ED39E1649A9810035277F /* sad2.png */ = {isa = PBXFileReference; lastKnownFileType = image.png; name = sad2.png; path = ../sad/sad2.png; sourceTree = "<group>"; };
		F19ED39F1649A9810035277F /* sad3.png */ = {isa = PBXFileReference; lastKnownFileType = image.png; name = sad3.png; path = ../sad/sad3.png; sourceTree = "<group>"; };
		F19ED3A11649A9810035277F /* surprise1.png */ = {isa = PBXFileReference; lastKnownFileType = image.png; name = surprise1.png; path = ../surprise/surprise1.png; sourceTree = "<group>"; };
		F19ED3A21649A9810035277F /* surprise2.png */ = {isa = PBXFileReference; lastKnownFileType = image.png; name = surprise2.png; path = ../surprise/surprise2.png; sourceTree = "<group>"; };
		F19ED3A31649A9810035277F /* surprise3.png */ = {isa = PBXFileReference; lastKnownFileType = image.png; name = surprise3.png; path = ../surprise/surprise3.png; sourceTree = "<group>"; };
		F19ED3B11649B32B0035277F /* TI image.png */ = {isa = PBXFileReference; lastKnownFileType = image.png; path = "TI image.png"; sourceTree = "<group>"; };
		F19ED3B31649B3A70035277F /* TI image copy.png */ = {isa = PBXFileReference; lastKnownFileType = image.png; path = "TI image copy.png"; sourceTree = "<group>"; };
		F1BBDFEF1654D995009F7C21 /* bluebackground.png */ = {isa = PBXFileReference; lastKnownFileType = image.png; path = bluebackground.png; sourceTree = "<group>"; };
		F1BBDFF01654D995009F7C21 /* rate-icon.png */ = {isa = PBXFileReference; lastKnownFileType = image.png; path = "rate-icon.png"; sourceTree = "<group>"; };
		F1F4D6261630DC060020A41B /* FelipeChannelViewController.h */ = {isa = PBXFileReference; fileEncoding = 4; lastKnownFileType = sourcecode.c.h; path = FelipeChannelViewController.h; sourceTree = "<group>"; };
		F1F4D6271630DC060020A41B /* FelipeChannelViewController.m */ = {isa = PBXFileReference; fileEncoding = 4; lastKnownFileType = sourcecode.c.objc; path = FelipeChannelViewController.m; sourceTree = "<group>"; };
		F1F4D62C1630EBA90020A41B /* FelipeShowViewController.h */ = {isa = PBXFileReference; fileEncoding = 4; lastKnownFileType = sourcecode.c.h; path = FelipeShowViewController.h; sourceTree = "<group>"; };
		F1F4D62D1630EBAA0020A41B /* FelipeShowViewController.m */ = {isa = PBXFileReference; fileEncoding = 4; lastKnownFileType = sourcecode.c.objc; path = FelipeShowViewController.m; sourceTree = "<group>"; };
		F1FB61D9163A418E001157CD /* blue1.jpg */ = {isa = PBXFileReference; lastKnownFileType = image.jpeg; name = blue1.jpg; path = ../blue1.jpg; sourceTree = "<group>"; };
		F1FB61DA163A418E001157CD /* blue2.jpg */ = {isa = PBXFileReference; lastKnownFileType = image.jpeg; name = blue2.jpg; path = ../blue2.jpg; sourceTree = "<group>"; };
		F1FB61DB163A418E001157CD /* blue3.jpg */ = {isa = PBXFileReference; lastKnownFileType = image.jpeg; name = blue3.jpg; path = ../blue3.jpg; sourceTree = "<group>"; };
		F1FB61DC163A418E001157CD /* blue4.jpg */ = {isa = PBXFileReference; lastKnownFileType = image.jpeg; name = blue4.jpg; path = ../blue4.jpg; sourceTree = "<group>"; };
		F1FB61DD163A418E001157CD /* blue5.jpg */ = {isa = PBXFileReference; lastKnownFileType = image.jpeg; name = blue5.jpg; path = ../blue5.jpg; sourceTree = "<group>"; };
/* End PBXFileReference section */

/* Begin PBXFrameworksBuildPhase section */
		0197DFFC161223280061DAB2 /* Frameworks */ = {
			isa = PBXFrameworksBuildPhase;
			buildActionMask = 2147483647;
			files = (
				0197E004161223280061DAB2 /* UIKit.framework in Frameworks */,
				0197E006161223280061DAB2 /* Foundation.framework in Frameworks */,
				0197E008161223280061DAB2 /* CoreGraphics.framework in Frameworks */,
			);
			runOnlyForDeploymentPostprocessing = 0;
		};
		0197E01F161223280061DAB2 /* Frameworks */ = {
			isa = PBXFrameworksBuildPhase;
			buildActionMask = 2147483647;
			files = (
				0197E025161223280061DAB2 /* SenTestingKit.framework in Frameworks */,
				0197E026161223280061DAB2 /* UIKit.framework in Frameworks */,
				0197E027161223280061DAB2 /* Foundation.framework in Frameworks */,
			);
			runOnlyForDeploymentPostprocessing = 0;
		};
/* End PBXFrameworksBuildPhase section */

/* Begin PBXGroup section */
		0197DFF4161223280061DAB2 = {
			isa = PBXGroup;
			children = (
				F19ED3B31649B3A70035277F /* TI image copy.png */,
				F19ED3B11649B32B0035277F /* TI image.png */,
				0197E009161223280061DAB2 /* Project1 */,
				0197E02A161223280061DAB2 /* Project1Tests */,
				0197E002161223280061DAB2 /* Frameworks */,
				0197E000161223280061DAB2 /* Products */,
			);
			sourceTree = "<group>";
		};
		0197E000161223280061DAB2 /* Products */ = {
			isa = PBXGroup;
			children = (
				0197DFFF161223280061DAB2 /* Project1.app */,
				0197E023161223280061DAB2 /* Project1Tests.octest */,
			);
			name = Products;
			sourceTree = "<group>";
		};
		0197E002161223280061DAB2 /* Frameworks */ = {
			isa = PBXGroup;
			children = (
				0197E003161223280061DAB2 /* UIKit.framework */,
				0197E005161223280061DAB2 /* Foundation.framework */,
				0197E007161223280061DAB2 /* CoreGraphics.framework */,
				0197E024161223280061DAB2 /* SenTestingKit.framework */,
			);
			name = Frameworks;
			sourceTree = "<group>";
		};
		0197E009161223280061DAB2 /* Project1 */ = {
			isa = PBXGroup;
			children = (
				0197E012161223280061DAB2 /* AppDelegate.h */,
				0197E013161223280061DAB2 /* AppDelegate.m */,
				0197E015161223280061DAB2 /* MainStoryboard_iPhone.storyboard */,
				D113C63B164995C800F050A3 /* werkRateViewController.h */,
				D113C63C164995C800F050A3 /* werkRateViewController.m */,
				F1F4D6261630DC060020A41B /* FelipeChannelViewController.h */,
				F1F4D6271630DC060020A41B /* FelipeChannelViewController.m */,
				F1F4D62C1630EBA90020A41B /* FelipeShowViewController.h */,
				F1F4D62D1630EBAA0020A41B /* FelipeShowViewController.m */,
				F116E97B163A116B000AFDE8 /* FelipeDataProvider.h */,
				F116E97C163A116B000AFDE8 /* FelipeDataProvider.m */,
				F18F54BF162E1665004DDB63 /* FelipeTuneInViewController.h */,
				F18F54C0162E1665004DDB63 /* FelipeTuneInViewController.m */,
				F19ED3931649A9810035277F /* Images */,
				0197E00A161223280061DAB2 /* Supporting Files */,
				637800611655CBD8009537AC /* DJonesLoginViewController.h */,
				637800621655CBD8009537AC /* DJonesLoginViewController.m */,
			);
			path = Project1;
			sourceTree = "<group>";
		};
		0197E00A161223280061DAB2 /* Supporting Files */ = {
			isa = PBXGroup;
			children = (
				0197E00B161223280061DAB2 /* Project1-Info.plist */,
				0197E00C161223280061DAB2 /* InfoPlist.strings */,
				0197E00F161223280061DAB2 /* main.m */,
				0197E011161223280061DAB2 /* Project1-Prefix.pch */,
			);
			name = "Supporting Files";
			sourceTree = "<group>";
		};
		0197E02A161223280061DAB2 /* Project1Tests */ = {
			isa = PBXGroup;
			children = (
				0197E030161223280061DAB2 /* Project1Tests.h */,
				0197E031161223280061DAB2 /* Project1Tests.m */,
				0197E02B161223280061DAB2 /* Supporting Files */,
			);
			path = Project1Tests;
			sourceTree = "<group>";
		};
		0197E02B161223280061DAB2 /* Supporting Files */ = {
			isa = PBXGroup;
			children = (
				0197E02C161223280061DAB2 /* Project1Tests-Info.plist */,
				0197E02D161223280061DAB2 /* InfoPlist.strings */,
			);
			name = "Supporting Files";
			sourceTree = "<group>";
		};
		F19ED3931649A9810035277F /* Images */ = {
			isa = PBXGroup;
			children = (
				F1BBDFEF1654D995009F7C21 /* bluebackground.png */,
				F1BBDFF01654D995009F7C21 /* rate-icon.png */,
				01116E97164C63E700246548 /* comment-icon.png */,
				01116E98164C63E700246548 /* poll-icon.png */,
				F19ED3941649A9810035277F /* angry1.png */,
				F19ED3951649A9810035277F /* angry2.png */,
				F19ED3961649A9810035277F /* angry3.png */,
				F19ED3981649A9810035277F /* happy1.png */,
				F19ED3991649A9810035277F /* happy2.png */,
				F19ED39A1649A9810035277F /* happy3.png */,
				F19ED39B1649A9810035277F /* neutral.png */,
				F19ED39D1649A9810035277F /* sad1.png */,
				F19ED39E1649A9810035277F /* sad2.png */,
				F19ED39F1649A9810035277F /* sad3.png */,
				F19ED3A11649A9810035277F /* surprise1.png */,
				F19ED3A21649A9810035277F /* surprise2.png */,
				F19ED3A31649A9810035277F /* surprise3.png */,
				F1FB61D9163A418E001157CD /* blue1.jpg */,
				F1FB61DA163A418E001157CD /* blue2.jpg */,
				F1FB61DB163A418E001157CD /* blue3.jpg */,
				F1FB61DC163A418E001157CD /* blue4.jpg */,
				F1FB61DD163A418E001157CD /* blue5.jpg */,
				F13E377F162E012900DFC68B /* Default-568h@2x.png */,
			);
			name = Images;
			path = ../angry;
			sourceTree = "<group>";
		};
/* End PBXGroup section */

/* Begin PBXNativeTarget section */
		0197DFFE161223280061DAB2 /* Project1 */ = {
			isa = PBXNativeTarget;
			buildConfigurationList = 0197E035161223280061DAB2 /* Build configuration list for PBXNativeTarget "Project1" */;
			buildPhases = (
				0197DFFB161223280061DAB2 /* Sources */,
				0197DFFC161223280061DAB2 /* Frameworks */,
				0197DFFD161223280061DAB2 /* Resources */,
			);
			buildRules = (
			);
			dependencies = (
			);
			name = Project1;
			productName = Project1;
			productReference = 0197DFFF161223280061DAB2 /* Project1.app */;
			productType = "com.apple.product-type.application";
		};
		0197E022161223280061DAB2 /* Project1Tests */ = {
			isa = PBXNativeTarget;
			buildConfigurationList = 0197E038161223280061DAB2 /* Build configuration list for PBXNativeTarget "Project1Tests" */;
			buildPhases = (
				0197E01E161223280061DAB2 /* Sources */,
				0197E01F161223280061DAB2 /* Frameworks */,
				0197E020161223280061DAB2 /* Resources */,
				0197E021161223280061DAB2 /* ShellScript */,
			);
			buildRules = (
			);
			dependencies = (
				0197E029161223280061DAB2 /* PBXTargetDependency */,
			);
			name = Project1Tests;
			productName = Project1Tests;
			productReference = 0197E023161223280061DAB2 /* Project1Tests.octest */;
			productType = "com.apple.product-type.bundle";
		};
/* End PBXNativeTarget section */

/* Begin PBXProject section */
		0197DFF6161223280061DAB2 /* Project object */ = {
			isa = PBXProject;
			attributes = {
				LastUpgradeCheck = 0440;
				ORGANIZATIONNAME = "Justin Weisser";
			};
			buildConfigurationList = 0197DFF9161223280061DAB2 /* Build configuration list for PBXProject "Project1" */;
			compatibilityVersion = "Xcode 3.2";
			developmentRegion = English;
			hasScannedForEncodings = 0;
			knownRegions = (
				en,
			);
			mainGroup = 0197DFF4161223280061DAB2;
			productRefGroup = 0197E000161223280061DAB2 /* Products */;
			projectDirPath = "";
			projectRoot = "";
			targets = (
				0197DFFE161223280061DAB2 /* Project1 */,
				0197E022161223280061DAB2 /* Project1Tests */,
			);
		};
/* End PBXProject section */

/* Begin PBXResourcesBuildPhase section */
		0197DFFD161223280061DAB2 /* Resources */ = {
			isa = PBXResourcesBuildPhase;
			buildActionMask = 2147483647;
			files = (
				0197E00E161223280061DAB2 /* InfoPlist.strings in Resources */,
				0197E017161223280061DAB2 /* MainStoryboard_iPhone.storyboard in Resources */,
				F13E3780162E012900DFC68B /* Default-568h@2x.png in Resources */,
				F1FB61DE163A418E001157CD /* blue1.jpg in Resources */,
				F1FB61DF163A418E001157CD /* blue2.jpg in Resources */,
				F1FB61E0163A418E001157CD /* blue3.jpg in Resources */,
				F1FB61E1163A418E001157CD /* blue4.jpg in Resources */,
				F1FB61E2163A418E001157CD /* blue5.jpg in Resources */,
				F19ED3A41649A9810035277F /* angry1.png in Resources */,
				F19ED3A51649A9810035277F /* angry2.png in Resources */,
				F19ED3A61649A9810035277F /* angry3.png in Resources */,
				F19ED3A71649A9810035277F /* happy1.png in Resources */,
				F19ED3A81649A9810035277F /* happy2.png in Resources */,
				F19ED3A91649A9810035277F /* happy3.png in Resources */,
				F19ED3AA1649A9810035277F /* neutral.png in Resources */,
				F19ED3AB1649A9810035277F /* sad1.png in Resources */,
				F19ED3AC1649A9810035277F /* sad2.png in Resources */,
				F19ED3AD1649A9810035277F /* sad3.png in Resources */,
				F19ED3AE1649A9810035277F /* surprise1.png in Resources */,
				F19ED3AF1649A9810035277F /* surprise2.png in Resources */,
				F19ED3B01649A9810035277F /* surprise3.png in Resources */,
				F19ED3B21649B32B0035277F /* TI image.png in Resources */,
				F19ED3B41649B3A70035277F /* TI image copy.png in Resources */,
				01116E99164C63E700246548 /* comment-icon.png in Resources */,
				01116E9A164C63E700246548 /* poll-icon.png in Resources */,
				F1BBDFF11654D995009F7C21 /* bluebackground.png in Resources */,
				F1BBDFF21654D995009F7C21 /* rate-icon.png in Resources */,
			);
			runOnlyForDeploymentPostprocessing = 0;
		};
		0197E020161223280061DAB2 /* Resources */ = {
			isa = PBXResourcesBuildPhase;
			buildActionMask = 2147483647;
			files = (
				0197E02F161223280061DAB2 /* InfoPlist.strings in Resources */,
			);
			runOnlyForDeploymentPostprocessing = 0;
		};
/* End PBXResourcesBuildPhase section */

/* Begin PBXShellScriptBuildPhase section */
		0197E021161223280061DAB2 /* ShellScript */ = {
			isa = PBXShellScriptBuildPhase;
			buildActionMask = 2147483647;
			files = (
			);
			inputPaths = (
			);
			outputPaths = (
			);
			runOnlyForDeploymentPostprocessing = 0;
			shellPath = /bin/sh;
			shellScript = "# Run the unit tests in this test bundle.\n\"${SYSTEM_DEVELOPER_DIR}/Tools/RunUnitTests\"\n";
		};
/* End PBXShellScriptBuildPhase section */

/* Begin PBXSourcesBuildPhase section */
		0197DFFB161223280061DAB2 /* Sources */ = {
			isa = PBXSourcesBuildPhase;
			buildActionMask = 2147483647;
			files = (
				0197E010161223280061DAB2 /* main.m in Sources */,
				0197E014161223280061DAB2 /* AppDelegate.m in Sources */,
				F18F54C1162E1665004DDB63 /* FelipeTuneInViewController.m in Sources */,
				F1F4D6281630DC060020A41B /* FelipeChannelViewController.m in Sources */,
				F1F4D62E1630EBAA0020A41B /* FelipeShowViewController.m in Sources */,
				F116E97D163A116B000AFDE8 /* FelipeDataProvider.m in Sources */,
				D113C63D164995C800F050A3 /* werkRateViewController.m in Sources */,
				637800631655CBD8009537AC /* DJonesLoginViewController.m in Sources */,
			);
			runOnlyForDeploymentPostprocessing = 0;
		};
		0197E01E161223280061DAB2 /* Sources */ = {
			isa = PBXSourcesBuildPhase;
			buildActionMask = 2147483647;
			files = (
				0197E032161223280061DAB2 /* Project1Tests.m in Sources */,
			);
			runOnlyForDeploymentPostprocessing = 0;
		};
/* End PBXSourcesBuildPhase section */

/* Begin PBXTargetDependency section */
		0197E029161223280061DAB2 /* PBXTargetDependency */ = {
			isa = PBXTargetDependency;
			target = 0197DFFE161223280061DAB2 /* Project1 */;
			targetProxy = 0197E028161223280061DAB2 /* PBXContainerItemProxy */;
		};
/* End PBXTargetDependency section */

/* Begin PBXVariantGroup section */
		0197E00C161223280061DAB2 /* InfoPlist.strings */ = {
			isa = PBXVariantGroup;
			children = (
				0197E00D161223280061DAB2 /* en */,
			);
			name = InfoPlist.strings;
			sourceTree = "<group>";
		};
		0197E015161223280061DAB2 /* MainStoryboard_iPhone.storyboard */ = {
			isa = PBXVariantGroup;
			children = (
				0197E016161223280061DAB2 /* en */,
			);
			name = MainStoryboard_iPhone.storyboard;
			sourceTree = "<group>";
		};
		0197E02D161223280061DAB2 /* InfoPlist.strings */ = {
			isa = PBXVariantGroup;
			children = (
				0197E02E161223280061DAB2 /* en */,
			);
			name = InfoPlist.strings;
			sourceTree = "<group>";
		};
/* End PBXVariantGroup section */

/* Begin XCBuildConfiguration section */
		0197E033161223280061DAB2 /* Debug */ = {
			isa = XCBuildConfiguration;
			buildSettings = {
				ALWAYS_SEARCH_USER_PATHS = NO;
				ARCHS = "$(ARCHS_STANDARD_32_BIT)";
				CLANG_CXX_LANGUAGE_STANDARD = "gnu++0x";
				CLANG_ENABLE_OBJC_ARC = YES;
				CLANG_WARN__DUPLICATE_METHOD_MATCH = YES;
				"CODE_SIGN_IDENTITY[sdk=iphoneos*]" = "iPhone Developer";
				COPY_PHASE_STRIP = NO;
				GCC_C_LANGUAGE_STANDARD = gnu99;
				GCC_DYNAMIC_NO_PIC = NO;
				GCC_OPTIMIZATION_LEVEL = 0;
				GCC_PREPROCESSOR_DEFINITIONS = (
					"DEBUG=1",
					"$(inherited)",
				);
				GCC_SYMBOLS_PRIVATE_EXTERN = NO;
				GCC_VERSION = com.apple.compilers.llvm.clang.1_0;
				GCC_WARN_ABOUT_RETURN_TYPE = YES;
				GCC_WARN_UNINITIALIZED_AUTOS = YES;
				GCC_WARN_UNUSED_VARIABLE = YES;
				IPHONEOS_DEPLOYMENT_TARGET = 5.1;
				SDKROOT = iphoneos;
				TARGETED_DEVICE_FAMILY = "1,2";
			};
			name = Debug;
		};
		0197E034161223280061DAB2 /* Release */ = {
			isa = XCBuildConfiguration;
			buildSettings = {
				ALWAYS_SEARCH_USER_PATHS = NO;
				ARCHS = "$(ARCHS_STANDARD_32_BIT)";
				CLANG_CXX_LANGUAGE_STANDARD = "gnu++0x";
				CLANG_ENABLE_OBJC_ARC = YES;
				CLANG_WARN__DUPLICATE_METHOD_MATCH = YES;
				"CODE_SIGN_IDENTITY[sdk=iphoneos*]" = "iPhone Developer";
				COPY_PHASE_STRIP = YES;
				GCC_C_LANGUAGE_STANDARD = gnu99;
				GCC_VERSION = com.apple.compilers.llvm.clang.1_0;
				GCC_WARN_ABOUT_RETURN_TYPE = YES;
				GCC_WARN_UNINITIALIZED_AUTOS = YES;
				GCC_WARN_UNUSED_VARIABLE = YES;
				IPHONEOS_DEPLOYMENT_TARGET = 5.1;
				OTHER_CFLAGS = "-DNS_BLOCK_ASSERTIONS=1";
				SDKROOT = iphoneos;
				TARGETED_DEVICE_FAMILY = "1,2";
				VALIDATE_PRODUCT = YES;
			};
			name = Release;
		};
		0197E036161223280061DAB2 /* Debug */ = {
			isa = XCBuildConfiguration;
			buildSettings = {
				GCC_PRECOMPILE_PREFIX_HEADER = YES;
				GCC_PREFIX_HEADER = "Project1/Project1-Prefix.pch";
				INFOPLIST_FILE = "Project1/Project1-Info.plist";
				PRODUCT_NAME = "$(TARGET_NAME)";
				TARGETED_DEVICE_FAMILY = 1;
				WRAPPER_EXTENSION = app;
			};
			name = Debug;
		};
		0197E037161223280061DAB2 /* Release */ = {
			isa = XCBuildConfiguration;
			buildSettings = {
				GCC_PRECOMPILE_PREFIX_HEADER = YES;
				GCC_PREFIX_HEADER = "Project1/Project1-Prefix.pch";
				INFOPLIST_FILE = "Project1/Project1-Info.plist";
				PRODUCT_NAME = "$(TARGET_NAME)";
				TARGETED_DEVICE_FAMILY = 1;
				WRAPPER_EXTENSION = app;
			};
			name = Release;
		};
		0197E039161223280061DAB2 /* Debug */ = {
			isa = XCBuildConfiguration;
			buildSettings = {
				BUNDLE_LOADER = "$(BUILT_PRODUCTS_DIR)/Project1.app/Project1";
				FRAMEWORK_SEARCH_PATHS = (
					"\"$(SDKROOT)/Developer/Library/Frameworks\"",
					"\"$(DEVELOPER_LIBRARY_DIR)/Frameworks\"",
				);
				GCC_PRECOMPILE_PREFIX_HEADER = YES;
				GCC_PREFIX_HEADER = "Project1/Project1-Prefix.pch";
				INFOPLIST_FILE = "Project1Tests/Project1Tests-Info.plist";
				PRODUCT_NAME = "$(TARGET_NAME)";
				TEST_HOST = "$(BUNDLE_LOADER)";
				WRAPPER_EXTENSION = octest;
			};
			name = Debug;
		};
		0197E03A161223280061DAB2 /* Release */ = {
			isa = XCBuildConfiguration;
			buildSettings = {
				BUNDLE_LOADER = "$(BUILT_PRODUCTS_DIR)/Project1.app/Project1";
				FRAMEWORK_SEARCH_PATHS = (
					"\"$(SDKROOT)/Developer/Library/Frameworks\"",
					"\"$(DEVELOPER_LIBRARY_DIR)/Frameworks\"",
				);
				GCC_PRECOMPILE_PREFIX_HEADER = YES;
				GCC_PREFIX_HEADER = "Project1/Project1-Prefix.pch";
				INFOPLIST_FILE = "Project1Tests/Project1Tests-Info.plist";
				PRODUCT_NAME = "$(TARGET_NAME)";
				TEST_HOST = "$(BUNDLE_LOADER)";
				WRAPPER_EXTENSION = octest;
			};
			name = Release;
		};
/* End XCBuildConfiguration section */

/* Begin XCConfigurationList section */
		0197DFF9161223280061DAB2 /* Build configuration list for PBXProject "Project1" */ = {
			isa = XCConfigurationList;
			buildConfigurations = (
				0197E033161223280061DAB2 /* Debug */,
				0197E034161223280061DAB2 /* Release */,
			);
			defaultConfigurationIsVisible = 0;
			defaultConfigurationName = Release;
		};
		0197E035161223280061DAB2 /* Build configuration list for PBXNativeTarget "Project1" */ = {
			isa = XCConfigurationList;
			buildConfigurations = (
				0197E036161223280061DAB2 /* Debug */,
				0197E037161223280061DAB2 /* Release */,
			);
			defaultConfigurationIsVisible = 0;
			defaultConfigurationName = Release;
		};
		0197E038161223280061DAB2 /* Build configuration list for PBXNativeTarget "Project1Tests" */ = {
			isa = XCConfigurationList;
			buildConfigurations = (
				0197E039161223280061DAB2 /* Debug */,
				0197E03A161223280061DAB2 /* Release */,
			);
			defaultConfigurationIsVisible = 0;
			defaultConfigurationName = Release;
		};
/* End XCConfigurationList section */
	};
	rootObject = 0197DFF6161223280061DAB2 /* Project object */;
}
